
Microsoft Visual Studio Solution File, Format Version 12.00
# Visual Studio 15
VisualStudioVersion = 15.0.28307.1062
MinimumVisualStudioVersion = 10.0.40219.1
Project("{FAE04EC0-301F-11D3-BF4B-00C04F79EFBC}") = "App01_ControleXF.Android", "App01_ControleXF\App01_ControleXF.Android\App01_ControleXF.Android.csproj", "{6344D0C2-62FF-4E3A-9632-71F7FBCEE3A4}"
EndProject
Project("{FAE04EC0-301F-11D3-BF4B-00C04F79EFBC}") = "App01_ControleXF.iOS", "App01_ControleXF\App01_ControleXF.iOS\App01_ControleXF.iOS.csproj", "{10688869-66E7-4A13-BAB6-B94EA07D87B1}"
EndProject
Project("{FAE04EC0-301F-11D3-BF4B-00C04F79EFBC}") = "App01_ControleXF.UWP", "App01_ControleXF\App01_ControleXF.UWP\App01_ControleXF.UWP.csproj", "{FBF66C84-62E9-46BD-A57A-B6356FA1DE0A}"
EndProject
Project("{FAE04EC0-301F-11D3-BF4B-00C04F79EFBC}") = "App01_ControleXF", "App01_ControleXF\App01_ControleXF\App01_ControleXF.csproj", "{6C98D1BE-C620-4651-9811-BA185B91F259}"
EndProject
Global
	GlobalSection(SolutionConfigurationPlatforms) = preSolution
		Ad-Hoc|Any CPU = Ad-Hoc|Any CPU
		Ad-Hoc|ARM = Ad-Hoc|ARM
		Ad-Hoc|iPhone = Ad-Hoc|iPhone
		Ad-Hoc|iPhoneSimulator = Ad-Hoc|iPhoneSimulator
		Ad-Hoc|x64 = Ad-Hoc|x64
		Ad-Hoc|x86 = Ad-Hoc|x86
		AppStore|Any CPU = AppStore|Any CPU
		AppStore|ARM = AppStore|ARM
		AppStore|iPhone = AppStore|iPhone
		AppStore|iPhoneSimulator = AppStore|iPhoneSimulator
		AppStore|x64 = AppStore|x64
		AppStore|x86 = AppStore|x86
		Debug|Any CPU = Debug|Any CPU
		Debug|ARM = Debug|ARM
		Debug|iPhone = Debug|iPhone
		Debug|iPhoneSimulator = Debug|iPhoneSimulator
		Debug|x64 = Debug|x64
		Debug|x86 = Debug|x86
		Release|Any CPU = Release|Any CPU
		Release|ARM = Release|ARM
		Release|iPhone = Release|iPhone
		Release|iPhoneSimulator = Release|iPhoneSimulator
		Release|x64 = Release|x64
		Release|x86 = Release|x86
	EndGlobalSection
	GlobalSection(ProjectConfigurationPlatforms) = postSolution
		{6344D0C2-62FF-4E3A-9632-71F7FBCEE3A4}.Ad-Hoc|Any CPU.ActiveCfg = Release|Any CPU
		{6344D0C2-62FF-4E3A-9632-71F7FBCEE3A4}.Ad-Hoc|Any CPU.Build.0 = Release|Any CPU
		{6344D0C2-62FF-4E3A-9632-71F7FBCEE3A4}.Ad-Hoc|Any CPU.Deploy.0 = Release|Any CPU
		{6344D0C2-62FF-4E3A-9632-71F7FBCEE3A4}.Ad-Hoc|ARM.ActiveCfg = Release|Any CPU
		{6344D0C2-62FF-4E3A-9632-71F7FBCEE3A4}.Ad-Hoc|ARM.Build.0 = Release|Any CPU
		{6344D0C2-62FF-4E3A-9632-71F7FBCEE3A4}.Ad-Hoc|ARM.Deploy.0 = Release|Any CPU
		{6344D0C2-62FF-4E3A-9632-71F7FBCEE3A4}.Ad-Hoc|iPhone.ActiveCfg = Release|Any CPU
		{6344D0C2-62FF-4E3A-9632-71F7FBCEE3A4}.Ad-Hoc|iPhone.Build.0 = Release|Any CPU
		{6344D0C2-62FF-4E3A-9632-71F7FBCEE3A4}.Ad-Hoc|iPhone.Deploy.0 = Release|Any CPU
		{6344D0C2-62FF-4E3A-9632-71F7FBCEE3A4}.Ad-Hoc|iPhoneSimulator.ActiveCfg = Release|Any CPU
		{6344D0C2-62FF-4E3A-9632-71F7FBCEE3A4}.Ad-Hoc|iPhoneSimulator.Build.0 = Release|Any CPU
		{6344D0C2-62FF-4E3A-9632-71F7FBCEE3A4}.Ad-Hoc|iPhoneSimulator.Deploy.0 = Release|Any CPU
		{6344D0C2-62FF-4E3A-9632-71F7FBCEE3A4}.Ad-Hoc|x64.ActiveCfg = Release|Any CPU
		{6344D0C2-62FF-4E3A-9632-71F7FBCEE3A4}.Ad-Hoc|x64.Build.0 = Release|Any CPU
		{6344D0C2-62FF-4E3A-9632-71F7FBCEE3A4}.Ad-Hoc|x64.Deploy.0 = Release|Any CPU
		{6344D0C2-62FF-4E3A-9632-71F7FBCEE3A4}.Ad-Hoc|x86.ActiveCfg = Release|Any CPU
		{6344D0C2-62FF-4E3A-9632-71F7FBCEE3A4}.Ad-Hoc|x86.Build.0 = Release|Any CPU
		{6344D0C2-62FF-4E3A-9632-71F7FBCEE3A4}.Ad-Hoc|x86.Deploy.0 = Release|Any CPU
		{6344D0C2-62FF-4E3A-9632-71F7FBCEE3A4}.AppStore|Any CPU.ActiveCfg = Release|Any CPU
		{6344D0C2-62FF-4E3A-9632-71F7FBCEE3A4}.AppStore|Any CPU.Build.0 = Release|Any CPU
		{6344D0C2-62FF-4E3A-9632-71F7FBCEE3A4}.AppStore|Any CPU.Deploy.0 = Release|Any CPU
		{6344D0C2-62FF-4E3A-9632-71F7FBCEE3A4}.AppStore|ARM.ActiveCfg = Release|Any CPU
		{6344D0C2-62FF-4E3A-9632-71F7FBCEE3A4}.AppStore|ARM.Build.0 = Release|Any CPU
		{6344D0C2-62FF-4E3A-9632-71F7FBCEE3A4}.AppStore|ARM.Deploy.0 = Release|Any CPU
		{6344D0C2-62FF-4E3A-9632-71F7FBCEE3A4}.AppStore|iPhone.ActiveCfg = Release|Any CPU
		{6344D0C2-62FF-4E3A-9632-71F7FBCEE3A4}.AppStore|iPhone.Build.0 = Release|Any CPU
		{6344D0C2-62FF-4E3A-9632-71F7FBCEE3A4}.AppStore|iPhone.Deploy.0 = Release|Any CPU
		{6344D0C2-62FF-4E3A-9632-71F7FBCEE3A4}.AppStore|iPhoneSimulator.ActiveCfg = Release|Any CPU
		{6344D0C2-62FF-4E3A-9632-71F7FBCEE3A4}.AppStore|iPhoneSimulator.Build.0 = Release|Any CPU
		{6344D0C2-62FF-4E3A-9632-71F7FBCEE3A4}.AppStore|iPhoneSimulator.Deploy.0 = Release|Any CPU
		{6344D0C2-62FF-4E3A-9632-71F7FBCEE3A4}.AppStore|x64.ActiveCfg = Release|Any CPU
		{6344D0C2-62FF-4E3A-9632-71F7FBCEE3A4}.AppStore|x64.Build.0 = Release|Any CPU
		{6344D0C2-62FF-4E3A-9632-71F7FBCEE3A4}.AppStore|x64.Deploy.0 = Release|Any CPU
		{6344D0C2-62FF-4E3A-9632-71F7FBCEE3A4}.AppStore|x86.ActiveCfg = Release|Any CPU
		{6344D0C2-62FF-4E3A-9632-71F7FBCEE3A4}.AppStore|x86.Build.0 = Release|Any CPU
		{6344D0C2-62FF-4E3A-9632-71F7FBCEE3A4}.AppStore|x86.Deploy.0 = Release|Any CPU
		{6344D0C2-62FF-4E3A-9632-71F7FBCEE3A4}.Debug|Any CPU.ActiveCfg = Debug|Any CPU
		{6344D0C2-62FF-4E3A-9632-71F7FBCEE3A4}.Debug|Any CPU.Build.0 = Debug|Any CPU
		{6344D0C2-62FF-4E3A-9632-71F7FBCEE3A4}.Debug|Any CPU.Deploy.0 = Debug|Any CPU
		{6344D0C2-62FF-4E3A-9632-71F7FBCEE3A4}.Debug|ARM.ActiveCfg = Debug|Any CPU
		{6344D0C2-62FF-4E3A-9632-71F7FBCEE3A4}.Debug|ARM.Build.0 = Debug|Any CPU
		{6344D0C2-62FF-4E3A-9632-71F7FBCEE3A4}.Debug|ARM.Deploy.0 = Debug|Any CPU
		{6344D0C2-62FF-4E3A-9632-71F7FBCEE3A4}.Debug|iPhone.ActiveCfg = Debug|Any CPU
		{6344D0C2-62FF-4E3A-9632-71F7FBCEE3A4}.Debug|iPhone.Build.0 = Debug|Any CPU
		{6344D0C2-62FF-4E3A-9632-71F7FBCEE3A4}.Debug|iPhone.Deploy.0 = Debug|Any CPU
		{6344D0C2-62FF-4E3A-9632-71F7FBCEE3A4}.Debug|iPhoneSimulator.ActiveCfg = Debug|Any CPU
		{6344D0C2-62FF-4E3A-9632-71F7FBCEE3A4}.Debug|iPhoneSimulator.Build.0 = Debug|Any CPU
		{6344D0C2-62FF-4E3A-9632-71F7FBCEE3A4}.Debug|iPhoneSimulator.Deploy.0 = Debug|Any CPU
		{6344D0C2-62FF-4E3A-9632-71F7FBCEE3A4}.Debug|x64.ActiveCfg = Debug|Any CPU
		{6344D0C2-62FF-4E3A-9632-71F7FBCEE3A4}.Debug|x64.Build.0 = Debug|Any CPU
		{6344D0C2-62FF-4E3A-9632-71F7FBCEE3A4}.Debug|x64.Deploy.0 = Debug|Any CPU
		{6344D0C2-62FF-4E3A-9632-71F7FBCEE3A4}.Debug|x86.ActiveCfg = Debug|Any CPU
		{6344D0C2-62FF-4E3A-9632-71F7FBCEE3A4}.Debug|x86.Build.0 = Debug|Any CPU
		{6344D0C2-62FF-4E3A-9632-71F7FBCEE3A4}.Debug|x86.Deploy.0 = Debug|Any CPU
		{6344D0C2-62FF-4E3A-9632-71F7FBCEE3A4}.Release|Any CPU.ActiveCfg = Release|Any CPU
		{6344D0C2-62FF-4E3A-9632-71F7FBCEE3A4}.Release|Any CPU.Build.0 = Release|Any CPU
		{6344D0C2-62FF-4E3A-9632-71F7FBCEE3A4}.Release|Any CPU.Deploy.0 = Release|Any CPU
		{6344D0C2-62FF-4E3A-9632-71F7FBCEE3A4}.Release|ARM.ActiveCfg = Release|Any CPU
		{6344D0C2-62FF-4E3A-9632-71F7FBCEE3A4}.Release|ARM.Build.0 = Release|Any CPU
		{6344D0C2-62FF-4E3A-9632-71F7FBCEE3A4}.Release|ARM.Deploy.0 = Release|Any CPU
		{6344D0C2-62FF-4E3A-9632-71F7FBCEE3A4}.Release|iPhone.ActiveCfg = Release|Any CPU
		{6344D0C2-62FF-4E3A-9632-71F7FBCEE3A4}.Release|iPhone.Build.0 = Release|Any CPU
		{6344D0C2-62FF-4E3A-9632-71F7FBCEE3A4}.Release|iPhone.Deploy.0 = Release|Any CPU
		{6344D0C2-62FF-4E3A-9632-71F7FBCEE3A4}.Release|iPhoneSimulator.ActiveCfg = Release|Any CPU
		{6344D0C2-62FF-4E3A-9632-71F7FBCEE3A4}.Release|iPhoneSimulator.Build.0 = Release|Any CPU
		{6344D0C2-62FF-4E3A-9632-71F7FBCEE3A4}.Release|iPhoneSimulator.Deploy.0 = Release|Any CPU
		{6344D0C2-62FF-4E3A-9632-71F7FBCEE3A4}.Release|x64.ActiveCfg = Release|Any CPU
		{6344D0C2-62FF-4E3A-9632-71F7FBCEE3A4}.Release|x64.Build.0 = Release|Any CPU
		{6344D0C2-62FF-4E3A-9632-71F7FBCEE3A4}.Release|x64.Deploy.0 = Release|Any CPU
		{6344D0C2-62FF-4E3A-9632-71F7FBCEE3A4}.Release|x86.ActiveCfg = Release|Any CPU
		{6344D0C2-62FF-4E3A-9632-71F7FBCEE3A4}.Release|x86.Build.0 = Release|Any CPU
		{6344D0C2-62FF-4E3A-9632-71F7FBCEE3A4}.Release|x86.Deploy.0 = Release|Any CPU
		{10688869-66E7-4A13-BAB6-B94EA07D87B1}.Ad-Hoc|Any CPU.ActiveCfg = Ad-Hoc|iPhone
		{10688869-66E7-4A13-BAB6-B94EA07D87B1}.Ad-Hoc|Any CPU.Build.0 = Ad-Hoc|iPhone
		{10688869-66E7-4A13-BAB6-B94EA07D87B1}.Ad-Hoc|Any CPU.Deploy.0 = Ad-Hoc|iPhone
		{10688869-66E7-4A13-BAB6-B94EA07D87B1}.Ad-Hoc|ARM.ActiveCfg = Ad-Hoc|iPhone
		{10688869-66E7-4A13-BAB6-B94EA07D87B1}.Ad-Hoc|ARM.Build.0 = Ad-Hoc|iPhone
		{10688869-66E7-4A13-BAB6-B94EA07D87B1}.Ad-Hoc|ARM.Deploy.0 = Ad-Hoc|iPhone
		{10688869-66E7-4A13-BAB6-B94EA07D87B1}.Ad-Hoc|iPhone.ActiveCfg = Ad-Hoc|iPhone
		{10688869-66E7-4A13-BAB6-B94EA07D87B1}.Ad-Hoc|iPhone.Build.0 = Ad-Hoc|iPhone
		{10688869-66E7-4A13-BAB6-B94EA07D87B1}.Ad-Hoc|iPhone.Deploy.0 = Ad-Hoc|iPhone
		{10688869-66E7-4A13-BAB6-B94EA07D87B1}.Ad-Hoc|iPhoneSimulator.ActiveCfg = Ad-Hoc|iPhoneSimulator
		{10688869-66E7-4A13-BAB6-B94EA07D87B1}.Ad-Hoc|iPhoneSimulator.Build.0 = Ad-Hoc|iPhoneSimulator
		{10688869-66E7-4A13-BAB6-B94EA07D87B1}.Ad-Hoc|iPhoneSimulator.Deploy.0 = Ad-Hoc|iPhoneSimulator
		{10688869-66E7-4A13-BAB6-B94EA07D87B1}.Ad-Hoc|x64.ActiveCfg = Ad-Hoc|iPhone
		{10688869-66E7-4A13-BAB6-B94EA07D87B1}.Ad-Hoc|x64.Build.0 = Ad-Hoc|iPhone
		{10688869-66E7-4A13-BAB6-B94EA07D87B1}.Ad-Hoc|x64.Deploy.0 = Ad-Hoc|iPhone
		{10688869-66E7-4A13-BAB6-B94EA07D87B1}.Ad-Hoc|x86.ActiveCfg = Ad-Hoc|iPhone
		{10688869-66E7-4A13-BAB6-B94EA07D87B1}.Ad-Hoc|x86.Build.0 = Ad-Hoc|iPhone
		{10688869-66E7-4A13-BAB6-B94EA07D87B1}.Ad-Hoc|x86.Deploy.0 = Ad-Hoc|iPhone
		{10688869-66E7-4A13-BAB6-B94EA07D87B1}.AppStore|Any CPU.ActiveCfg = AppStore|iPhone
		{10688869-66E7-4A13-BAB6-B94EA07D87B1}.AppStore|Any CPU.Build.0 = AppStore|iPhone
		{10688869-66E7-4A13-BAB6-B94EA07D87B1}.AppStore|Any CPU.Deploy.0 = AppStore|iPhone
		{10688869-66E7-4A13-BAB6-B94EA07D87B1}.AppStore|ARM.ActiveCfg = AppStore|iPhone
		{10688869-66E7-4A13-BAB6-B94EA07D87B1}.AppStore|ARM.Build.0 = AppStore|iPhone
		{10688869-66E7-4A13-BAB6-B94EA07D87B1}.AppStore|ARM.Deploy.0 = AppStore|iPhone
		{10688869-66E7-4A13-BAB6-B94EA07D87B1}.AppStore|iPhone.ActiveCfg = AppStore|iPhone
		{10688869-66E7-4A13-BAB6-B94EA07D87B1}.AppStore|iPhone.Build.0 = AppStore|iPhone
		{10688869-66E7-4A13-BAB6-B94EA07D87B1}.AppStore|iPhone.Deploy.0 = AppStore|iPhone
		{10688869-66E7-4A13-BAB6-B94EA07D87B1}.AppStore|iPhoneSimulator.ActiveCfg = AppStore|iPhoneSimulator
		{10688869-66E7-4A13-BAB6-B94EA07D87B1}.AppStore|iPhoneSimulator.Build.0 = AppStore|iPhoneSimulator
		{10688869-66E7-4A13-BAB6-B94EA07D87B1}.AppStore|iPhoneSimulator.Deploy.0 = AppStore|iPhoneSimulator
		{10688869-66E7-4A13-BAB6-B94EA07D87B1}.AppStore|x64.ActiveCfg = AppStore|iPhone
		{10688869-66E7-4A13-BAB6-B94EA07D87B1}.AppStore|x64.Build.0 = AppStore|iPhone
		{10688869-66E7-4A13-BAB6-B94EA07D87B1}.AppStore|x64.Deploy.0 = AppStore|iPhone
		{10688869-66E7-4A13-BAB6-B94EA07D87B1}.AppStore|x86.ActiveCfg = AppStore|iPhone
		{10688869-66E7-4A13-BAB6-B94EA07D87B1}.AppStore|x86.Build.0 = AppStore|iPhone
		{10688869-66E7-4A13-BAB6-B94EA07D87B1}.AppStore|x86.Deploy.0 = AppStore|iPhone
		{10688869-66E7-4A13-BAB6-B94EA07D87B1}.Debug|Any CPU.ActiveCfg = Debug|iPhoneSimulator
		{10688869-66E7-4A13-BAB6-B94EA07D87B1}.Debug|Any CPU.Build.0 = Debug|iPhoneSimulator
		{10688869-66E7-4A13-BAB6-B94EA07D87B1}.Debug|Any CPU.Deploy.0 = Debug|iPhoneSimulator
		{10688869-66E7-4A13-BAB6-B94EA07D87B1}.Debug|ARM.ActiveCfg = Debug|iPhone
		{10688869-66E7-4A13-BAB6-B94EA07D87B1}.Debug|ARM.Build.0 = Debug|iPhone
		{10688869-66E7-4A13-BAB6-B94EA07D87B1}.Debug|ARM.Deploy.0 = Debug|iPhone
		{10688869-66E7-4A13-BAB6-B94EA07D87B1}.Debug|iPhone.ActiveCfg = Debug|iPhone
		{10688869-66E7-4A13-BAB6-B94EA07D87B1}.Debug|iPhone.Build.0 = Debug|iPhone
		{10688869-66E7-4A13-BAB6-B94EA07D87B1}.Debug|iPhone.Deploy.0 = Debug|iPhone
		{10688869-66E7-4A13-BAB6-B94EA07D87B1}.Debug|iPhoneSimulator.ActiveCfg = Debug|iPhoneSimulator
		{10688869-66E7-4A13-BAB6-B94EA07D87B1}.Debug|iPhoneSimulator.Build.0 = Debug|iPhoneSimulator
		{10688869-66E7-4A13-BAB6-B94EA07D87B1}.Debug|iPhoneSimulator.Deploy.0 = Debug|iPhoneSimulator
		{10688869-66E7-4A13-BAB6-B94EA07D87B1}.Debug|x64.ActiveCfg = Debug|iPhone
		{10688869-66E7-4A13-BAB6-B94EA07D87B1}.Debug|x64.Build.0 = Debug|iPhone
		{10688869-66E7-4A13-BAB6-B94EA07D87B1}.Debug|x64.Deploy.0 = Debug|iPhone
		{10688869-66E7-4A13-BAB6-B94EA07D87B1}.Debug|x86.ActiveCfg = Debug|iPhone
		{10688869-66E7-4A13-BAB6-B94EA07D87B1}.Debug|x86.Build.0 = Debug|iPhone
		{10688869-66E7-4A13-BAB6-B94EA07D87B1}.Debug|x86.Deploy.0 = Debug|iPhone
		{10688869-66E7-4A13-BAB6-B94EA07D87B1}.Release|Any CPU.ActiveCfg = Release|iPhone
		{10688869-66E7-4A13-BAB6-B94EA07D87B1}.Release|Any CPU.Build.0 = Release|iPhone
		{10688869-66E7-4A13-BAB6-B94EA07D87B1}.Release|Any CPU.Deploy.0 = Release|iPhone
		{10688869-66E7-4A13-BAB6-B94EA07D87B1}.Release|ARM.ActiveCfg = Release|iPhone
		{10688869-66E7-4A13-BAB6-B94EA07D87B1}.Release|ARM.Build.0 = Release|iPhone
		{10688869-66E7-4A13-BAB6-B94EA07D87B1}.Release|ARM.Deploy.0 = Release|iPhone
		{10688869-66E7-4A13-BAB6-B94EA07D87B1}.Release|iPhone.ActiveCfg = Release|iPhone
		{10688869-66E7-4A13-BAB6-B94EA07D87B1}.Release|iPhone.Build.0 = Release|iPhone
		{10688869-66E7-4A13-BAB6-B94EA07D87B1}.Release|iPhone.Deploy.0 = Release|iPhone
		{10688869-66E7-4A13-BAB6-B94EA07D87B1}.Release|iPhoneSimulator.ActiveCfg = Release|iPhoneSimulator
		{10688869-66E7-4A13-BAB6-B94EA07D87B1}.Release|iPhoneSimulator.Build.0 = Release|iPhoneSimulator
		{10688869-66E7-4A13-BAB6-B94EA07D87B1}.Release|iPhoneSimulator.Deploy.0 = Release|iPhoneSimulator
		{10688869-66E7-4A13-BAB6-B94EA07D87B1}.Release|x64.ActiveCfg = Release|iPhone
		{10688869-66E7-4A13-BAB6-B94EA07D87B1}.Release|x64.Build.0 = Release|iPhone
		{10688869-66E7-4A13-BAB6-B94EA07D87B1}.Release|x64.Deploy.0 = Release|iPhone
		{10688869-66E7-4A13-BAB6-B94EA07D87B1}.Release|x86.ActiveCfg = Release|iPhone
		{10688869-66E7-4A13-BAB6-B94EA07D87B1}.Release|x86.Build.0 = Release|iPhone
		{10688869-66E7-4A13-BAB6-B94EA07D87B1}.Release|x86.Deploy.0 = Release|iPhone
		{FBF66C84-62E9-46BD-A57A-B6356FA1DE0A}.Ad-Hoc|Any CPU.ActiveCfg = Release|x86
		{FBF66C84-62E9-46BD-A57A-B6356FA1DE0A}.Ad-Hoc|Any CPU.Build.0 = Release|x86
		{FBF66C84-62E9-46BD-A57A-B6356FA1DE0A}.Ad-Hoc|Any CPU.Deploy.0 = Release|x86
		{FBF66C84-62E9-46BD-A57A-B6356FA1DE0A}.Ad-Hoc|ARM.ActiveCfg = Release|ARM
		{FBF66C84-62E9-46BD-A57A-B6356FA1DE0A}.Ad-Hoc|ARM.Build.0 = Release|ARM
		{FBF66C84-62E9-46BD-A57A-B6356FA1DE0A}.Ad-Hoc|ARM.Deploy.0 = Release|ARM
		{FBF66C84-62E9-46BD-A57A-B6356FA1DE0A}.Ad-Hoc|iPhone.ActiveCfg = Release|x86
		{FBF66C84-62E9-46BD-A57A-B6356FA1DE0A}.Ad-Hoc|iPhone.Build.0 = Release|x86
		{FBF66C84-62E9-46BD-A57A-B6356FA1DE0A}.Ad-Hoc|iPhone.Deploy.0 = Release|x86
		{FBF66C84-62E9-46BD-A57A-B6356FA1DE0A}.Ad-Hoc|iPhoneSimulator.ActiveCfg = Release|x86
		{FBF66C84-62E9-46BD-A57A-B6356FA1DE0A}.Ad-Hoc|iPhoneSimulator.Build.0 = Release|x86
		{FBF66C84-62E9-46BD-A57A-B6356FA1DE0A}.Ad-Hoc|iPhoneSimulator.Deploy.0 = Release|x86
		{FBF66C84-62E9-46BD-A57A-B6356FA1DE0A}.Ad-Hoc|x64.ActiveCfg = Release|x64
		{FBF66C84-62E9-46BD-A57A-B6356FA1DE0A}.Ad-Hoc|x64.Build.0 = Release|x64
		{FBF66C84-62E9-46BD-A57A-B6356FA1DE0A}.Ad-Hoc|x64.Deploy.0 = Release|x64
		{FBF66C84-62E9-46BD-A57A-B6356FA1DE0A}.Ad-Hoc|x86.ActiveCfg = Release|x86
		{FBF66C84-62E9-46BD-A57A-B6356FA1DE0A}.Ad-Hoc|x86.Build.0 = Release|x86
		{FBF66C84-62E9-46BD-A57A-B6356FA1DE0A}.Ad-Hoc|x86.Deploy.0 = Release|x86
		{FBF66C84-62E9-46BD-A57A-B6356FA1DE0A}.AppStore|Any CPU.ActiveCfg = Release|x86
		{FBF66C84-62E9-46BD-A57A-B6356FA1DE0A}.AppStore|Any CPU.Build.0 = Release|x86
		{FBF66C84-62E9-46BD-A57A-B6356FA1DE0A}.AppStore|Any CPU.Deploy.0 = Release|x86
		{FBF66C84-62E9-46BD-A57A-B6356FA1DE0A}.AppStore|ARM.ActiveCfg = Release|ARM
		{FBF66C84-62E9-46BD-A57A-B6356FA1DE0A}.AppStore|ARM.Build.0 = Release|ARM
		{FBF66C84-62E9-46BD-A57A-B6356FA1DE0A}.AppStore|ARM.Deploy.0 = Release|ARM
		{FBF66C84-62E9-46BD-A57A-B6356FA1DE0A}.AppStore|iPhone.ActiveCfg = Release|x86
		{FBF66C84-62E9-46BD-A57A-B6356FA1DE0A}.AppStore|iPhone.Build.0 = Release|x86
		{FBF66C84-62E9-46BD-A57A-B6356FA1DE0A}.AppStore|iPhone.Deploy.0 = Release|x86
		{FBF66C84-62E9-46BD-A57A-B6356FA1DE0A}.AppStore|iPhoneSimulator.ActiveCfg = Release|x86
		{FBF66C84-62E9-46BD-A57A-B6356FA1DE0A}.AppStore|iPhoneSimulator.Build.0 = Release|x86
		{FBF66C84-62E9-46BD-A57A-B6356FA1DE0A}.AppStore|iPhoneSimulator.Deploy.0 = Release|x86
		{FBF66C84-62E9-46BD-A57A-B6356FA1DE0A}.AppStore|x64.ActiveCfg = Release|x64
		{FBF66C84-62E9-46BD-A57A-B6356FA1DE0A}.AppStore|x64.Build.0 = Release|x64
		{FBF66C84-62E9-46BD-A57A-B6356FA1DE0A}.AppStore|x64.Deploy.0 = Release|x64
		{FBF66C84-62E9-46BD-A57A-B6356FA1DE0A}.AppStore|x86.ActiveCfg = Release|x86
		{FBF66C84-62E9-46BD-A57A-B6356FA1DE0A}.AppStore|x86.Build.0 = Release|x86
		{FBF66C84-62E9-46BD-A57A-B6356FA1DE0A}.AppStore|x86.Deploy.0 = Release|x86
		{FBF66C84-62E9-46BD-A57A-B6356FA1DE0A}.Debug|Any CPU.ActiveCfg = Debug|x86
		{FBF66C84-62E9-46BD-A57A-B6356FA1DE0A}.Debug|Any CPU.Build.0 = Debug|x86
		{FBF66C84-62E9-46BD-A57A-B6356FA1DE0A}.Debug|Any CPU.Deploy.0 = Debug|x86
		{FBF66C84-62E9-46BD-A57A-B6356FA1DE0A}.Debug|ARM.ActiveCfg = Debug|ARM
		{FBF66C84-62E9-46BD-A57A-B6356FA1DE0A}.Debug|ARM.Build.0 = Debug|ARM
		{FBF66C84-62E9-46BD-A57A-B6356FA1DE0A}.Debug|ARM.Deploy.0 = Debug|ARM
		{FBF66C84-62E9-46BD-A57A-B6356FA1DE0A}.Debug|iPhone.ActiveCfg = Debug|x86
		{FBF66C84-62E9-46BD-A57A-B6356FA1DE0A}.Debug|iPhone.Build.0 = Debug|x86
		{FBF66C84-62E9-46BD-A57A-B6356FA1DE0A}.Debug|iPhone.Deploy.0 = Debug|x86
		{FBF66C84-62E9-46BD-A57A-B6356FA1DE0A}.Debug|iPhoneSimulator.ActiveCfg = Debug|x86
		{FBF66C84-62E9-46BD-A57A-B6356FA1DE0A}.Debug|iPhoneSimulator.Build.0 = Debug|x86
		{FBF66C84-62E9-46BD-A57A-B6356FA1DE0A}.Debug|iPhoneSimulator.Deploy.0 = Debug|x86
		{FBF66C84-62E9-46BD-A57A-B6356FA1DE0A}.Debug|x64.ActiveCfg = Debug|x64
		{FBF66C84-62E9-46BD-A57A-B6356FA1DE0A}.Debug|x64.Build.0 = Debug|x64
		{FBF66C84-62E9-46BD-A57A-B6356FA1DE0A}.Debug|x64.Deploy.0 = Debug|x64
		{FBF66C84-62E9-46BD-A57A-B6356FA1DE0A}.Debug|x86.ActiveCfg = Debug|x86
		{FBF66C84-62E9-46BD-A57A-B6356FA1DE0A}.Debug|x86.Build.0 = Debug|x86
		{FBF66C84-62E9-46BD-A57A-B6356FA1DE0A}.Debug|x86.Deploy.0 = Debug|x86
		{FBF66C84-62E9-46BD-A57A-B6356FA1DE0A}.Release|Any CPU.ActiveCfg = Release|x86
		{FBF66C84-62E9-46BD-A57A-B6356FA1DE0A}.Release|Any CPU.Build.0 = Release|x86
		{FBF66C84-62E9-46BD-A57A-B6356FA1DE0A}.Release|Any CPU.Deploy.0 = Release|x86
		{FBF66C84-62E9-46BD-A57A-B6356FA1DE0A}.Release|ARM.ActiveCfg = Release|ARM
		{FBF66C84-62E9-46BD-A57A-B6356FA1DE0A}.Release|ARM.Build.0 = Release|ARM
		{FBF66C84-62E9-46BD-A57A-B6356FA1DE0A}.Release|ARM.Deploy.0 = Release|ARM
		{FBF66C84-62E9-46BD-A57A-B6356FA1DE0A}.Release|iPhone.ActiveCfg = Release|x86
		{FBF66C84-62E9-46BD-A57A-B6356FA1DE0A}.Release|iPhone.Build.0 = Release|x86
		{FBF66C84-62E9-46BD-A57A-B6356FA1DE0A}.Release|iPhone.Deploy.0 = Release|x86
		{FBF66C84-62E9-46BD-A57A-B6356FA1DE0A}.Release|iPhoneSimulator.ActiveCfg = Release|x86
		{FBF66C84-62E9-46BD-A57A-B6356FA1DE0A}.Release|iPhoneSimulator.Build.0 = Release|x86
		{FBF66C84-62E9-46BD-A57A-B6356FA1DE0A}.Release|iPhoneSimulator.Deploy.0 = Release|x86
		{FBF66C84-62E9-46BD-A57A-B6356FA1DE0A}.Release|x64.ActiveCfg = Release|x64
		{FBF66C84-62E9-46BD-A57A-B6356FA1DE0A}.Release|x64.Build.0 = Release|x64
		{FBF66C84-62E9-46BD-A57A-B6356FA1DE0A}.Release|x64.Deploy.0 = Release|x64
		{FBF66C84-62E9-46BD-A57A-B6356FA1DE0A}.Release|x86.ActiveCfg = Release|x86
		{FBF66C84-62E9-46BD-A57A-B6356FA1DE0A}.Release|x86.Build.0 = Release|x86
		{FBF66C84-62E9-46BD-A57A-B6356FA1DE0A}.Release|x86.Deploy.0 = Release|x86
		{6C98D1BE-C620-4651-9811-BA185B91F259}.Ad-Hoc|Any CPU.ActiveCfg = Debug|Any CPU
		{6C98D1BE-C620-4651-9811-BA185B91F259}.Ad-Hoc|Any CPU.Build.0 = Debug|Any CPU
		{6C98D1BE-C620-4651-9811-BA185B91F259}.Ad-Hoc|Any CPU.Deploy.0 = Debug|Any CPU
		{6C98D1BE-C620-4651-9811-BA185B91F259}.Ad-Hoc|ARM.ActiveCfg = Debug|Any CPU
		{6C98D1BE-C620-4651-9811-BA185B91F259}.Ad-Hoc|ARM.Build.0 = Debug|Any CPU
		{6C98D1BE-C620-4651-9811-BA185B91F259}.Ad-Hoc|ARM.Deploy.0 = Debug|Any CPU
		{6C98D1BE-C620-4651-9811-BA185B91F259}.Ad-Hoc|iPhone.ActiveCfg = Debug|Any CPU
		{6C98D1BE-C620-4651-9811-BA185B91F259}.Ad-Hoc|iPhone.Build.0 = Debug|Any CPU
		{6C98D1BE-C620-4651-9811-BA185B91F259}.Ad-Hoc|iPhone.Deploy.0 = Debug|Any CPU
		{6C98D1BE-C620-4651-9811-BA185B91F259}.Ad-Hoc|iPhoneSimulator.ActiveCfg = Debug|Any CPU
		{6C98D1BE-C620-4651-9811-BA185B91F259}.Ad-Hoc|iPhoneSimulator.Build.0 = Debug|Any CPU
		{6C98D1BE-C620-4651-9811-BA185B91F259}.Ad-Hoc|iPhoneSimulator.Deploy.0 = Debug|Any CPU
		{6C98D1BE-C620-4651-9811-BA185B91F259}.Ad-Hoc|x64.ActiveCfg = Debug|Any CPU
		{6C98D1BE-C620-4651-9811-BA185B91F259}.Ad-Hoc|x64.Build.0 = Debug|Any CPU
		{6C98D1BE-C620-4651-9811-BA185B91F259}.Ad-Hoc|x64.Deploy.0 = Debug|Any CPU
		{6C98D1BE-C620-4651-9811-BA185B91F259}.Ad-Hoc|x86.ActiveCfg = Debug|Any CPU
		{6C98D1BE-C620-4651-9811-BA185B91F259}.Ad-Hoc|x86.Build.0 = Debug|Any CPU
		{6C98D1BE-C620-4651-9811-BA185B91F259}.Ad-Hoc|x86.Deploy.0 = Debug|Any CPU
		{6C98D1BE-C620-4651-9811-BA185B91F259}.AppStore|Any CPU.ActiveCfg = Debug|Any CPU
		{6C98D1BE-C620-4651-9811-BA185B91F259}.AppStore|Any CPU.Build.0 = Debug|Any CPU
		{6C98D1BE-C620-4651-9811-BA185B91F259}.AppStore|Any CPU.Deploy.0 = Debug|Any CPU
		{6C98D1BE-C620-4651-9811-BA185B91F259}.AppStore|ARM.ActiveCfg = Debug|Any CPU
		{6C98D1BE-C620-4651-9811-BA185B91F259}.AppStore|ARM.Build.0 = Debug|Any CPU
		{6C98D1BE-C620-4651-9811-BA185B91F259}.AppStore|ARM.Deploy.0 = Debug|Any CPU
		{6C98D1BE-C620-4651-9811-BA185B91F259}.AppStore|iPhone.ActiveCfg = Debug|Any CPU
		{6C98D1BE-C620-4651-9811-BA185B91F259}.AppStore|iPhone.Build.0 = Debug|Any CPU
		{6C98D1BE-C620-4651-9811-BA185B91F259}.AppStore|iPhone.Deploy.0 = Debug|Any CPU
		{6C98D1BE-C620-4651-9811-BA185B91F259}.AppStore|iPhoneSimulator.ActiveCfg = Debug|Any CPU
		{6C98D1BE-C620-4651-9811-BA185B91F259}.AppStore|iPhoneSimulator.Build.0 = Debug|Any CPU
		{6C98D1BE-C620-4651-9811-BA185B91F259}.AppStore|iPhoneSimulator.Deploy.0 = Debug|Any CPU
		{6C98D1BE-C620-4651-9811-BA185B91F259}.AppStore|x64.ActiveCfg = Debug|Any CPU
		{6C98D1BE-C620-4651-9811-BA185B91F259}.AppStore|x64.Build.0 = Debug|Any CPU
		{6C98D1BE-C620-4651-9811-BA185B91F259}.AppStore|x64.Deploy.0 = Debug|Any CPU
		{6C98D1BE-C620-4651-9811-BA185B91F259}.AppStore|x86.ActiveCfg = Debug|Any CPU
		{6C98D1BE-C620-4651-9811-BA185B91F259}.AppStore|x86.Build.0 = Debug|Any CPU
		{6C98D1BE-C620-4651-9811-BA185B91F259}.AppStore|x86.Deploy.0 = Debug|Any CPU
		{6C98D1BE-C620-4651-9811-BA185B91F259}.Debug|Any CPU.ActiveCfg = Debug|Any CPU
		{6C98D1BE-C620-4651-9811-BA185B91F259}.Debug|Any CPU.Build.0 = Debug|Any CPU
		{6C98D1BE-C620-4651-9811-BA185B91F259}.Debug|Any CPU.Deploy.0 = Debug|Any CPU
		{6C98D1BE-C620-4651-9811-BA185B91F259}.Debug|ARM.ActiveCfg = Debug|Any CPU
		{6C98D1BE-C620-4651-9811-BA185B91F259}.Debug|ARM.Build.0 = Debug|Any CPU
		{6C98D1BE-C620-4651-9811-BA185B91F259}.Debug|ARM.Deploy.0 = Debug|Any CPU
		{6C98D1BE-C620-4651-9811-BA185B91F259}.Debug|iPhone.ActiveCfg = Debug|Any CPU
		{6C98D1BE-C620-4651-9811-BA185B91F259}.Debug|iPhone.Build.0 = Debug|Any CPU
		{6C98D1BE-C620-4651-9811-BA185B91F259}.Debug|iPhone.Deploy.0 = Debug|Any CPU
		{6C98D1BE-C620-4651-9811-BA185B91F259}.Debug|iPhoneSimulator.ActiveCfg = Debug|Any CPU
		{6C98D1BE-C620-4651-9811-BA185B91F259}.Debug|iPhoneSimulator.Build.0 = Debug|Any CPU
		{6C98D1BE-C620-4651-9811-BA185B91F259}.Debug|iPhoneSimulator.Deploy.0 = Debug|Any CPU
		{6C98D1BE-C620-4651-9811-BA185B91F259}.Debug|x64.ActiveCfg = Debug|Any CPU
		{6C98D1BE-C620-4651-9811-BA185B91F259}.Debug|x64.Build.0 = Debug|Any CPU
		{6C98D1BE-C620-4651-9811-BA185B91F259}.Debug|x64.Deploy.0 = Debug|Any CPU
		{6C98D1BE-C620-4651-9811-BA185B91F259}.Debug|x86.ActiveCfg = Debug|Any CPU
		{6C98D1BE-C620-4651-9811-BA185B91F259}.Debug|x86.Build.0 = Debug|Any CPU
		{6C98D1BE-C620-4651-9811-BA185B91F259}.Debug|x86.Deploy.0 = Debug|Any CPU
		{6C98D1BE-C620-4651-9811-BA185B91F259}.Release|Any CPU.ActiveCfg = Release|Any CPU
		{6C98D1BE-C620-4651-9811-BA185B91F259}.Release|Any CPU.Build.0 = Release|Any CPU
		{6C98D1BE-C620-4651-9811-BA185B91F259}.Release|Any CPU.Deploy.0 = Release|Any CPU
		{6C98D1BE-C620-4651-9811-BA185B91F259}.Release|ARM.ActiveCfg = Release|Any CPU
		{6C98D1BE-C620-4651-9811-BA185B91F259}.Release|ARM.Build.0 = Release|Any CPU
		{6C98D1BE-C620-4651-9811-BA185B91F259}.Release|ARM.Deploy.0 = Release|Any CPU
		{6C98D1BE-C620-4651-9811-BA185B91F259}.Release|iPhone.ActiveCfg = Release|Any CPU
		{6C98D1BE-C620-4651-9811-BA185B91F259}.Release|iPhone.Build.0 = Release|Any CPU
		{6C98D1BE-C620-4651-9811-BA185B91F259}.Release|iPhone.Deploy.0 = Release|Any CPU
		{6C98D1BE-C620-4651-9811-BA185B91F259}.Release|iPhoneSimulator.ActiveCfg = Release|Any CPU
		{6C98D1BE-C620-4651-9811-BA185B91F259}.Release|iPhoneSimulator.Build.0 = Release|Any CPU
		{6C98D1BE-C620-4651-9811-BA185B91F259}.Release|iPhoneSimulator.Deploy.0 = Release|Any CPU
		{6C98D1BE-C620-4651-9811-BA185B91F259}.Release|x64.ActiveCfg = Release|Any CPU
		{6C98D1BE-C620-4651-9811-BA185B91F259}.Release|x64.Build.0 = Release|Any CPU
		{6C98D1BE-C620-4651-9811-BA185B91F259}.Release|x64.Deploy.0 = Release|Any CPU
		{6C98D1BE-C620-4651-9811-BA185B91F259}.Release|x86.ActiveCfg = Release|Any CPU
		{6C98D1BE-C620-4651-9811-BA185B91F259}.Release|x86.Build.0 = Release|Any CPU
		{6C98D1BE-C620-4651-9811-BA185B91F259}.Release|x86.Deploy.0 = Release|Any CPU
	EndGlobalSection
	GlobalSection(SolutionProperties) = preSolution
		HideSolutionNode = FALSE
	EndGlobalSection
	GlobalSection(ExtensibilityGlobals) = postSolution
		SolutionGuid = {AB60A3A7-8285-4637-9613-872924F40B2C}
	EndGlobalSection
EndGlobal
