
Microsoft Visual Studio Solution File, Format Version 12.00
# Visual Studio 15
VisualStudioVersion = 15.0.28307.1062
MinimumVisualStudioVersion = 10.0.40219.1
Project("{FAE04EC0-301F-11D3-BF4B-00C04F79EFBC}") = "App02_Xamarin.Android", "App02_Xamarin\App02_Xamarin.Android\App02_Xamarin.Android.csproj", "{1E005135-6A99-4640-B8B8-552FE12B9C53}"
EndProject
Project("{FAE04EC0-301F-11D3-BF4B-00C04F79EFBC}") = "App02_Xamarin.iOS", "App02_Xamarin\App02_Xamarin.iOS\App02_Xamarin.iOS.csproj", "{F270104B-096A-4CA0-A62C-47B0D9BB018C}"
EndProject
Project("{FAE04EC0-301F-11D3-BF4B-00C04F79EFBC}") = "App02_Xamarin.UWP", "App02_Xamarin\App02_Xamarin.UWP\App02_Xamarin.UWP.csproj", "{3BC58E0E-334D-4014-BB86-8387931E3C52}"
EndProject
Project("{FAE04EC0-301F-11D3-BF4B-00C04F79EFBC}") = "App02_Xamarin", "App02_Xamarin\App02_Xamarin\App02_Xamarin.csproj", "{67588471-C89D-4BA7-978C-C39F1BF5670F}"
EndProject
Global
	GlobalSection(SolutionConfigurationPlatforms) = preSolution
		Ad-Hoc|Any CPU = Ad-Hoc|Any CPU
		Ad-Hoc|ARM = Ad-Hoc|ARM
		Ad-Hoc|iPhone = Ad-Hoc|iPhone
		Ad-Hoc|iPhoneSimulator = Ad-Hoc|iPhoneSimulator
		Ad-Hoc|x64 = Ad-Hoc|x64
		Ad-Hoc|x86 = Ad-Hoc|x86
		AppStore|Any CPU = AppStore|Any CPU
		AppStore|ARM = AppStore|ARM
		AppStore|iPhone = AppStore|iPhone
		AppStore|iPhoneSimulator = AppStore|iPhoneSimulator
		AppStore|x64 = AppStore|x64
		AppStore|x86 = AppStore|x86
		Debug|Any CPU = Debug|Any CPU
		Debug|ARM = Debug|ARM
		Debug|iPhone = Debug|iPhone
		Debug|iPhoneSimulator = Debug|iPhoneSimulator
		Debug|x64 = Debug|x64
		Debug|x86 = Debug|x86
		Release|Any CPU = Release|Any CPU
		Release|ARM = Release|ARM
		Release|iPhone = Release|iPhone
		Release|iPhoneSimulator = Release|iPhoneSimulator
		Release|x64 = Release|x64
		Release|x86 = Release|x86
	EndGlobalSection
	GlobalSection(ProjectConfigurationPlatforms) = postSolution
		{1E005135-6A99-4640-B8B8-552FE12B9C53}.Ad-Hoc|Any CPU.ActiveCfg = Release|Any CPU
		{1E005135-6A99-4640-B8B8-552FE12B9C53}.Ad-Hoc|Any CPU.Build.0 = Release|Any CPU
		{1E005135-6A99-4640-B8B8-552FE12B9C53}.Ad-Hoc|Any CPU.Deploy.0 = Release|Any CPU
		{1E005135-6A99-4640-B8B8-552FE12B9C53}.Ad-Hoc|ARM.ActiveCfg = Release|Any CPU
		{1E005135-6A99-4640-B8B8-552FE12B9C53}.Ad-Hoc|ARM.Build.0 = Release|Any CPU
		{1E005135-6A99-4640-B8B8-552FE12B9C53}.Ad-Hoc|ARM.Deploy.0 = Release|Any CPU
		{1E005135-6A99-4640-B8B8-552FE12B9C53}.Ad-Hoc|iPhone.ActiveCfg = Release|Any CPU
		{1E005135-6A99-4640-B8B8-552FE12B9C53}.Ad-Hoc|iPhone.Build.0 = Release|Any CPU
		{1E005135-6A99-4640-B8B8-552FE12B9C53}.Ad-Hoc|iPhone.Deploy.0 = Release|Any CPU
		{1E005135-6A99-4640-B8B8-552FE12B9C53}.Ad-Hoc|iPhoneSimulator.ActiveCfg = Release|Any CPU
		{1E005135-6A99-4640-B8B8-552FE12B9C53}.Ad-Hoc|iPhoneSimulator.Build.0 = Release|Any CPU
		{1E005135-6A99-4640-B8B8-552FE12B9C53}.Ad-Hoc|iPhoneSimulator.Deploy.0 = Release|Any CPU
		{1E005135-6A99-4640-B8B8-552FE12B9C53}.Ad-Hoc|x64.ActiveCfg = Release|Any CPU
		{1E005135-6A99-4640-B8B8-552FE12B9C53}.Ad-Hoc|x64.Build.0 = Release|Any CPU
		{1E005135-6A99-4640-B8B8-552FE12B9C53}.Ad-Hoc|x64.Deploy.0 = Release|Any CPU
		{1E005135-6A99-4640-B8B8-552FE12B9C53}.Ad-Hoc|x86.ActiveCfg = Release|Any CPU
		{1E005135-6A99-4640-B8B8-552FE12B9C53}.Ad-Hoc|x86.Build.0 = Release|Any CPU
		{1E005135-6A99-4640-B8B8-552FE12B9C53}.Ad-Hoc|x86.Deploy.0 = Release|Any CPU
		{1E005135-6A99-4640-B8B8-552FE12B9C53}.AppStore|Any CPU.ActiveCfg = Release|Any CPU
		{1E005135-6A99-4640-B8B8-552FE12B9C53}.AppStore|Any CPU.Build.0 = Release|Any CPU
		{1E005135-6A99-4640-B8B8-552FE12B9C53}.AppStore|Any CPU.Deploy.0 = Release|Any CPU
		{1E005135-6A99-4640-B8B8-552FE12B9C53}.AppStore|ARM.ActiveCfg = Release|Any CPU
		{1E005135-6A99-4640-B8B8-552FE12B9C53}.AppStore|ARM.Build.0 = Release|Any CPU
		{1E005135-6A99-4640-B8B8-552FE12B9C53}.AppStore|ARM.Deploy.0 = Release|Any CPU
		{1E005135-6A99-4640-B8B8-552FE12B9C53}.AppStore|iPhone.ActiveCfg = Release|Any CPU
		{1E005135-6A99-4640-B8B8-552FE12B9C53}.AppStore|iPhone.Build.0 = Release|Any CPU
		{1E005135-6A99-4640-B8B8-552FE12B9C53}.AppStore|iPhone.Deploy.0 = Release|Any CPU
		{1E005135-6A99-4640-B8B8-552FE12B9C53}.AppStore|iPhoneSimulator.ActiveCfg = Release|Any CPU
		{1E005135-6A99-4640-B8B8-552FE12B9C53}.AppStore|iPhoneSimulator.Build.0 = Release|Any CPU
		{1E005135-6A99-4640-B8B8-552FE12B9C53}.AppStore|iPhoneSimulator.Deploy.0 = Release|Any CPU
		{1E005135-6A99-4640-B8B8-552FE12B9C53}.AppStore|x64.ActiveCfg = Release|Any CPU
		{1E005135-6A99-4640-B8B8-552FE12B9C53}.AppStore|x64.Build.0 = Release|Any CPU
		{1E005135-6A99-4640-B8B8-552FE12B9C53}.AppStore|x64.Deploy.0 = Release|Any CPU
		{1E005135-6A99-4640-B8B8-552FE12B9C53}.AppStore|x86.ActiveCfg = Release|Any CPU
		{1E005135-6A99-4640-B8B8-552FE12B9C53}.AppStore|x86.Build.0 = Release|Any CPU
		{1E005135-6A99-4640-B8B8-552FE12B9C53}.AppStore|x86.Deploy.0 = Release|Any CPU
		{1E005135-6A99-4640-B8B8-552FE12B9C53}.Debug|Any CPU.ActiveCfg = Debug|Any CPU
		{1E005135-6A99-4640-B8B8-552FE12B9C53}.Debug|Any CPU.Build.0 = Debug|Any CPU
		{1E005135-6A99-4640-B8B8-552FE12B9C53}.Debug|Any CPU.Deploy.0 = Debug|Any CPU
		{1E005135-6A99-4640-B8B8-552FE12B9C53}.Debug|ARM.ActiveCfg = Debug|Any CPU
		{1E005135-6A99-4640-B8B8-552FE12B9C53}.Debug|ARM.Build.0 = Debug|Any CPU
		{1E005135-6A99-4640-B8B8-552FE12B9C53}.Debug|ARM.Deploy.0 = Debug|Any CPU
		{1E005135-6A99-4640-B8B8-552FE12B9C53}.Debug|iPhone.ActiveCfg = Debug|Any CPU
		{1E005135-6A99-4640-B8B8-552FE12B9C53}.Debug|iPhone.Build.0 = Debug|Any CPU
		{1E005135-6A99-4640-B8B8-552FE12B9C53}.Debug|iPhone.Deploy.0 = Debug|Any CPU
		{1E005135-6A99-4640-B8B8-552FE12B9C53}.Debug|iPhoneSimulator.ActiveCfg = Debug|Any CPU
		{1E005135-6A99-4640-B8B8-552FE12B9C53}.Debug|iPhoneSimulator.Build.0 = Debug|Any CPU
		{1E005135-6A99-4640-B8B8-552FE12B9C53}.Debug|iPhoneSimulator.Deploy.0 = Debug|Any CPU
		{1E005135-6A99-4640-B8B8-552FE12B9C53}.Debug|x64.ActiveCfg = Debug|Any CPU
		{1E005135-6A99-4640-B8B8-552FE12B9C53}.Debug|x64.Build.0 = Debug|Any CPU
		{1E005135-6A99-4640-B8B8-552FE12B9C53}.Debug|x64.Deploy.0 = Debug|Any CPU
		{1E005135-6A99-4640-B8B8-552FE12B9C53}.Debug|x86.ActiveCfg = Debug|Any CPU
		{1E005135-6A99-4640-B8B8-552FE12B9C53}.Debug|x86.Build.0 = Debug|Any CPU
		{1E005135-6A99-4640-B8B8-552FE12B9C53}.Debug|x86.Deploy.0 = Debug|Any CPU
		{1E005135-6A99-4640-B8B8-552FE12B9C53}.Release|Any CPU.ActiveCfg = Release|Any CPU
		{1E005135-6A99-4640-B8B8-552FE12B9C53}.Release|Any CPU.Build.0 = Release|Any CPU
		{1E005135-6A99-4640-B8B8-552FE12B9C53}.Release|Any CPU.Deploy.0 = Release|Any CPU
		{1E005135-6A99-4640-B8B8-552FE12B9C53}.Release|ARM.ActiveCfg = Release|Any CPU
		{1E005135-6A99-4640-B8B8-552FE12B9C53}.Release|ARM.Build.0 = Release|Any CPU
		{1E005135-6A99-4640-B8B8-552FE12B9C53}.Release|ARM.Deploy.0 = Release|Any CPU
		{1E005135-6A99-4640-B8B8-552FE12B9C53}.Release|iPhone.ActiveCfg = Release|Any CPU
		{1E005135-6A99-4640-B8B8-552FE12B9C53}.Release|iPhone.Build.0 = Release|Any CPU
		{1E005135-6A99-4640-B8B8-552FE12B9C53}.Release|iPhone.Deploy.0 = Release|Any CPU
		{1E005135-6A99-4640-B8B8-552FE12B9C53}.Release|iPhoneSimulator.ActiveCfg = Release|Any CPU
		{1E005135-6A99-4640-B8B8-552FE12B9C53}.Release|iPhoneSimulator.Build.0 = Release|Any CPU
		{1E005135-6A99-4640-B8B8-552FE12B9C53}.Release|iPhoneSimulator.Deploy.0 = Release|Any CPU
		{1E005135-6A99-4640-B8B8-552FE12B9C53}.Release|x64.ActiveCfg = Release|Any CPU
		{1E005135-6A99-4640-B8B8-552FE12B9C53}.Release|x64.Build.0 = Release|Any CPU
		{1E005135-6A99-4640-B8B8-552FE12B9C53}.Release|x64.Deploy.0 = Release|Any CPU
		{1E005135-6A99-4640-B8B8-552FE12B9C53}.Release|x86.ActiveCfg = Release|Any CPU
		{1E005135-6A99-4640-B8B8-552FE12B9C53}.Release|x86.Build.0 = Release|Any CPU
		{1E005135-6A99-4640-B8B8-552FE12B9C53}.Release|x86.Deploy.0 = Release|Any CPU
		{F270104B-096A-4CA0-A62C-47B0D9BB018C}.Ad-Hoc|Any CPU.ActiveCfg = Ad-Hoc|iPhone
		{F270104B-096A-4CA0-A62C-47B0D9BB018C}.Ad-Hoc|Any CPU.Build.0 = Ad-Hoc|iPhone
		{F270104B-096A-4CA0-A62C-47B0D9BB018C}.Ad-Hoc|Any CPU.Deploy.0 = Ad-Hoc|iPhone
		{F270104B-096A-4CA0-A62C-47B0D9BB018C}.Ad-Hoc|ARM.ActiveCfg = Ad-Hoc|iPhone
		{F270104B-096A-4CA0-A62C-47B0D9BB018C}.Ad-Hoc|ARM.Build.0 = Ad-Hoc|iPhone
		{F270104B-096A-4CA0-A62C-47B0D9BB018C}.Ad-Hoc|ARM.Deploy.0 = Ad-Hoc|iPhone
		{F270104B-096A-4CA0-A62C-47B0D9BB018C}.Ad-Hoc|iPhone.ActiveCfg = Ad-Hoc|iPhone
		{F270104B-096A-4CA0-A62C-47B0D9BB018C}.Ad-Hoc|iPhone.Build.0 = Ad-Hoc|iPhone
		{F270104B-096A-4CA0-A62C-47B0D9BB018C}.Ad-Hoc|iPhone.Deploy.0 = Ad-Hoc|iPhone
		{F270104B-096A-4CA0-A62C-47B0D9BB018C}.Ad-Hoc|iPhoneSimulator.ActiveCfg = Ad-Hoc|iPhoneSimulator
		{F270104B-096A-4CA0-A62C-47B0D9BB018C}.Ad-Hoc|iPhoneSimulator.Build.0 = Ad-Hoc|iPhoneSimulator
		{F270104B-096A-4CA0-A62C-47B0D9BB018C}.Ad-Hoc|iPhoneSimulator.Deploy.0 = Ad-Hoc|iPhoneSimulator
		{F270104B-096A-4CA0-A62C-47B0D9BB018C}.Ad-Hoc|x64.ActiveCfg = Ad-Hoc|iPhone
		{F270104B-096A-4CA0-A62C-47B0D9BB018C}.Ad-Hoc|x64.Build.0 = Ad-Hoc|iPhone
		{F270104B-096A-4CA0-A62C-47B0D9BB018C}.Ad-Hoc|x64.Deploy.0 = Ad-Hoc|iPhone
		{F270104B-096A-4CA0-A62C-47B0D9BB018C}.Ad-Hoc|x86.ActiveCfg = Ad-Hoc|iPhone
		{F270104B-096A-4CA0-A62C-47B0D9BB018C}.Ad-Hoc|x86.Build.0 = Ad-Hoc|iPhone
		{F270104B-096A-4CA0-A62C-47B0D9BB018C}.Ad-Hoc|x86.Deploy.0 = Ad-Hoc|iPhone
		{F270104B-096A-4CA0-A62C-47B0D9BB018C}.AppStore|Any CPU.ActiveCfg = AppStore|iPhone
		{F270104B-096A-4CA0-A62C-47B0D9BB018C}.AppStore|Any CPU.Build.0 = AppStore|iPhone
		{F270104B-096A-4CA0-A62C-47B0D9BB018C}.AppStore|Any CPU.Deploy.0 = AppStore|iPhone
		{F270104B-096A-4CA0-A62C-47B0D9BB018C}.AppStore|ARM.ActiveCfg = AppStore|iPhone
		{F270104B-096A-4CA0-A62C-47B0D9BB018C}.AppStore|ARM.Build.0 = AppStore|iPhone
		{F270104B-096A-4CA0-A62C-47B0D9BB018C}.AppStore|ARM.Deploy.0 = AppStore|iPhone
		{F270104B-096A-4CA0-A62C-47B0D9BB018C}.AppStore|iPhone.ActiveCfg = AppStore|iPhone
		{F270104B-096A-4CA0-A62C-47B0D9BB018C}.AppStore|iPhone.Build.0 = AppStore|iPhone
		{F270104B-096A-4CA0-A62C-47B0D9BB018C}.AppStore|iPhone.Deploy.0 = AppStore|iPhone
		{F270104B-096A-4CA0-A62C-47B0D9BB018C}.AppStore|iPhoneSimulator.ActiveCfg = AppStore|iPhoneSimulator
		{F270104B-096A-4CA0-A62C-47B0D9BB018C}.AppStore|iPhoneSimulator.Build.0 = AppStore|iPhoneSimulator
		{F270104B-096A-4CA0-A62C-47B0D9BB018C}.AppStore|iPhoneSimulator.Deploy.0 = AppStore|iPhoneSimulator
		{F270104B-096A-4CA0-A62C-47B0D9BB018C}.AppStore|x64.ActiveCfg = AppStore|iPhone
		{F270104B-096A-4CA0-A62C-47B0D9BB018C}.AppStore|x64.Build.0 = AppStore|iPhone
		{F270104B-096A-4CA0-A62C-47B0D9BB018C}.AppStore|x64.Deploy.0 = AppStore|iPhone
		{F270104B-096A-4CA0-A62C-47B0D9BB018C}.AppStore|x86.ActiveCfg = AppStore|iPhone
		{F270104B-096A-4CA0-A62C-47B0D9BB018C}.AppStore|x86.Build.0 = AppStore|iPhone
		{F270104B-096A-4CA0-A62C-47B0D9BB018C}.AppStore|x86.Deploy.0 = AppStore|iPhone
		{F270104B-096A-4CA0-A62C-47B0D9BB018C}.Debug|Any CPU.ActiveCfg = Debug|iPhoneSimulator
		{F270104B-096A-4CA0-A62C-47B0D9BB018C}.Debug|Any CPU.Build.0 = Debug|iPhoneSimulator
		{F270104B-096A-4CA0-A62C-47B0D9BB018C}.Debug|Any CPU.Deploy.0 = Debug|iPhoneSimulator
		{F270104B-096A-4CA0-A62C-47B0D9BB018C}.Debug|ARM.ActiveCfg = Debug|iPhone
		{F270104B-096A-4CA0-A62C-47B0D9BB018C}.Debug|ARM.Build.0 = Debug|iPhone
		{F270104B-096A-4CA0-A62C-47B0D9BB018C}.Debug|ARM.Deploy.0 = Debug|iPhone
		{F270104B-096A-4CA0-A62C-47B0D9BB018C}.Debug|iPhone.ActiveCfg = Debug|iPhone
		{F270104B-096A-4CA0-A62C-47B0D9BB018C}.Debug|iPhone.Build.0 = Debug|iPhone
		{F270104B-096A-4CA0-A62C-47B0D9BB018C}.Debug|iPhone.Deploy.0 = Debug|iPhone
		{F270104B-096A-4CA0-A62C-47B0D9BB018C}.Debug|iPhoneSimulator.ActiveCfg = Debug|iPhoneSimulator
		{F270104B-096A-4CA0-A62C-47B0D9BB018C}.Debug|iPhoneSimulator.Build.0 = Debug|iPhoneSimulator
		{F270104B-096A-4CA0-A62C-47B0D9BB018C}.Debug|iPhoneSimulator.Deploy.0 = Debug|iPhoneSimulator
		{F270104B-096A-4CA0-A62C-47B0D9BB018C}.Debug|x64.ActiveCfg = Debug|iPhone
		{F270104B-096A-4CA0-A62C-47B0D9BB018C}.Debug|x64.Build.0 = Debug|iPhone
		{F270104B-096A-4CA0-A62C-47B0D9BB018C}.Debug|x64.Deploy.0 = Debug|iPhone
		{F270104B-096A-4CA0-A62C-47B0D9BB018C}.Debug|x86.ActiveCfg = Debug|iPhone
		{F270104B-096A-4CA0-A62C-47B0D9BB018C}.Debug|x86.Build.0 = Debug|iPhone
		{F270104B-096A-4CA0-A62C-47B0D9BB018C}.Debug|x86.Deploy.0 = Debug|iPhone
		{F270104B-096A-4CA0-A62C-47B0D9BB018C}.Release|Any CPU.ActiveCfg = Release|iPhone
		{F270104B-096A-4CA0-A62C-47B0D9BB018C}.Release|Any CPU.Build.0 = Release|iPhone
		{F270104B-096A-4CA0-A62C-47B0D9BB018C}.Release|Any CPU.Deploy.0 = Release|iPhone
		{F270104B-096A-4CA0-A62C-47B0D9BB018C}.Release|ARM.ActiveCfg = Release|iPhone
		{F270104B-096A-4CA0-A62C-47B0D9BB018C}.Release|ARM.Build.0 = Release|iPhone
		{F270104B-096A-4CA0-A62C-47B0D9BB018C}.Release|ARM.Deploy.0 = Release|iPhone
		{F270104B-096A-4CA0-A62C-47B0D9BB018C}.Release|iPhone.ActiveCfg = Release|iPhone
		{F270104B-096A-4CA0-A62C-47B0D9BB018C}.Release|iPhone.Build.0 = Release|iPhone
		{F270104B-096A-4CA0-A62C-47B0D9BB018C}.Release|iPhone.Deploy.0 = Release|iPhone
		{F270104B-096A-4CA0-A62C-47B0D9BB018C}.Release|iPhoneSimulator.ActiveCfg = Release|iPhoneSimulator
		{F270104B-096A-4CA0-A62C-47B0D9BB018C}.Release|iPhoneSimulator.Build.0 = Release|iPhoneSimulator
		{F270104B-096A-4CA0-A62C-47B0D9BB018C}.Release|iPhoneSimulator.Deploy.0 = Release|iPhoneSimulator
		{F270104B-096A-4CA0-A62C-47B0D9BB018C}.Release|x64.ActiveCfg = Release|iPhone
		{F270104B-096A-4CA0-A62C-47B0D9BB018C}.Release|x64.Build.0 = Release|iPhone
		{F270104B-096A-4CA0-A62C-47B0D9BB018C}.Release|x64.Deploy.0 = Release|iPhone
		{F270104B-096A-4CA0-A62C-47B0D9BB018C}.Release|x86.ActiveCfg = Release|iPhone
		{F270104B-096A-4CA0-A62C-47B0D9BB018C}.Release|x86.Build.0 = Release|iPhone
		{F270104B-096A-4CA0-A62C-47B0D9BB018C}.Release|x86.Deploy.0 = Release|iPhone
		{3BC58E0E-334D-4014-BB86-8387931E3C52}.Ad-Hoc|Any CPU.ActiveCfg = Release|x86
		{3BC58E0E-334D-4014-BB86-8387931E3C52}.Ad-Hoc|Any CPU.Build.0 = Release|x86
		{3BC58E0E-334D-4014-BB86-8387931E3C52}.Ad-Hoc|Any CPU.Deploy.0 = Release|x86
		{3BC58E0E-334D-4014-BB86-8387931E3C52}.Ad-Hoc|ARM.ActiveCfg = Release|ARM
		{3BC58E0E-334D-4014-BB86-8387931E3C52}.Ad-Hoc|ARM.Build.0 = Release|ARM
		{3BC58E0E-334D-4014-BB86-8387931E3C52}.Ad-Hoc|ARM.Deploy.0 = Release|ARM
		{3BC58E0E-334D-4014-BB86-8387931E3C52}.Ad-Hoc|iPhone.ActiveCfg = Release|x86
		{3BC58E0E-334D-4014-BB86-8387931E3C52}.Ad-Hoc|iPhone.Build.0 = Release|x86
		{3BC58E0E-334D-4014-BB86-8387931E3C52}.Ad-Hoc|iPhone.Deploy.0 = Release|x86
		{3BC58E0E-334D-4014-BB86-8387931E3C52}.Ad-Hoc|iPhoneSimulator.ActiveCfg = Release|x86
		{3BC58E0E-334D-4014-BB86-8387931E3C52}.Ad-Hoc|iPhoneSimulator.Build.0 = Release|x86
		{3BC58E0E-334D-4014-BB86-8387931E3C52}.Ad-Hoc|iPhoneSimulator.Deploy.0 = Release|x86
		{3BC58E0E-334D-4014-BB86-8387931E3C52}.Ad-Hoc|x64.ActiveCfg = Release|x64
		{3BC58E0E-334D-4014-BB86-8387931E3C52}.Ad-Hoc|x64.Build.0 = Release|x64
		{3BC58E0E-334D-4014-BB86-8387931E3C52}.Ad-Hoc|x64.Deploy.0 = Release|x64
		{3BC58E0E-334D-4014-BB86-8387931E3C52}.Ad-Hoc|x86.ActiveCfg = Release|x86
		{3BC58E0E-334D-4014-BB86-8387931E3C52}.Ad-Hoc|x86.Build.0 = Release|x86
		{3BC58E0E-334D-4014-BB86-8387931E3C52}.Ad-Hoc|x86.Deploy.0 = Release|x86
		{3BC58E0E-334D-4014-BB86-8387931E3C52}.AppStore|Any CPU.ActiveCfg = Release|x86
		{3BC58E0E-334D-4014-BB86-8387931E3C52}.AppStore|Any CPU.Build.0 = Release|x86
		{3BC58E0E-334D-4014-BB86-8387931E3C52}.AppStore|Any CPU.Deploy.0 = Release|x86
		{3BC58E0E-334D-4014-BB86-8387931E3C52}.AppStore|ARM.ActiveCfg = Release|ARM
		{3BC58E0E-334D-4014-BB86-8387931E3C52}.AppStore|ARM.Build.0 = Release|ARM
		{3BC58E0E-334D-4014-BB86-8387931E3C52}.AppStore|ARM.Deploy.0 = Release|ARM
		{3BC58E0E-334D-4014-BB86-8387931E3C52}.AppStore|iPhone.ActiveCfg = Release|x86
		{3BC58E0E-334D-4014-BB86-8387931E3C52}.AppStore|iPhone.Build.0 = Release|x86
		{3BC58E0E-334D-4014-BB86-8387931E3C52}.AppStore|iPhone.Deploy.0 = Release|x86
		{3BC58E0E-334D-4014-BB86-8387931E3C52}.AppStore|iPhoneSimulator.ActiveCfg = Release|x86
		{3BC58E0E-334D-4014-BB86-8387931E3C52}.AppStore|iPhoneSimulator.Build.0 = Release|x86
		{3BC58E0E-334D-4014-BB86-8387931E3C52}.AppStore|iPhoneSimulator.Deploy.0 = Release|x86
		{3BC58E0E-334D-4014-BB86-8387931E3C52}.AppStore|x64.ActiveCfg = Release|x64
		{3BC58E0E-334D-4014-BB86-8387931E3C52}.AppStore|x64.Build.0 = Release|x64
		{3BC58E0E-334D-4014-BB86-8387931E3C52}.AppStore|x64.Deploy.0 = Release|x64
		{3BC58E0E-334D-4014-BB86-8387931E3C52}.AppStore|x86.ActiveCfg = Release|x86
		{3BC58E0E-334D-4014-BB86-8387931E3C52}.AppStore|x86.Build.0 = Release|x86
		{3BC58E0E-334D-4014-BB86-8387931E3C52}.AppStore|x86.Deploy.0 = Release|x86
		{3BC58E0E-334D-4014-BB86-8387931E3C52}.Debug|Any CPU.ActiveCfg = Debug|x86
		{3BC58E0E-334D-4014-BB86-8387931E3C52}.Debug|Any CPU.Build.0 = Debug|x86
		{3BC58E0E-334D-4014-BB86-8387931E3C52}.Debug|Any CPU.Deploy.0 = Debug|x86
		{3BC58E0E-334D-4014-BB86-8387931E3C52}.Debug|ARM.ActiveCfg = Debug|ARM
		{3BC58E0E-334D-4014-BB86-8387931E3C52}.Debug|ARM.Build.0 = Debug|ARM
		{3BC58E0E-334D-4014-BB86-8387931E3C52}.Debug|ARM.Deploy.0 = Debug|ARM
		{3BC58E0E-334D-4014-BB86-8387931E3C52}.Debug|iPhone.ActiveCfg = Debug|x86
		{3BC58E0E-334D-4014-BB86-8387931E3C52}.Debug|iPhone.Build.0 = Debug|x86
		{3BC58E0E-334D-4014-BB86-8387931E3C52}.Debug|iPhone.Deploy.0 = Debug|x86
		{3BC58E0E-334D-4014-BB86-8387931E3C52}.Debug|iPhoneSimulator.ActiveCfg = Debug|x86
		{3BC58E0E-334D-4014-BB86-8387931E3C52}.Debug|iPhoneSimulator.Build.0 = Debug|x86
		{3BC58E0E-334D-4014-BB86-8387931E3C52}.Debug|iPhoneSimulator.Deploy.0 = Debug|x86
		{3BC58E0E-334D-4014-BB86-8387931E3C52}.Debug|x64.ActiveCfg = Debug|x64
		{3BC58E0E-334D-4014-BB86-8387931E3C52}.Debug|x64.Build.0 = Debug|x64
		{3BC58E0E-334D-4014-BB86-8387931E3C52}.Debug|x64.Deploy.0 = Debug|x64
		{3BC58E0E-334D-4014-BB86-8387931E3C52}.Debug|x86.ActiveCfg = Debug|x86
		{3BC58E0E-334D-4014-BB86-8387931E3C52}.Debug|x86.Build.0 = Debug|x86
		{3BC58E0E-334D-4014-BB86-8387931E3C52}.Debug|x86.Deploy.0 = Debug|x86
		{3BC58E0E-334D-4014-BB86-8387931E3C52}.Release|Any CPU.ActiveCfg = Release|x86
		{3BC58E0E-334D-4014-BB86-8387931E3C52}.Release|Any CPU.Build.0 = Release|x86
		{3BC58E0E-334D-4014-BB86-8387931E3C52}.Release|Any CPU.Deploy.0 = Release|x86
		{3BC58E0E-334D-4014-BB86-8387931E3C52}.Release|ARM.ActiveCfg = Release|ARM
		{3BC58E0E-334D-4014-BB86-8387931E3C52}.Release|ARM.Build.0 = Release|ARM
		{3BC58E0E-334D-4014-BB86-8387931E3C52}.Release|ARM.Deploy.0 = Release|ARM
		{3BC58E0E-334D-4014-BB86-8387931E3C52}.Release|iPhone.ActiveCfg = Release|x86
		{3BC58E0E-334D-4014-BB86-8387931E3C52}.Release|iPhone.Build.0 = Release|x86
		{3BC58E0E-334D-4014-BB86-8387931E3C52}.Release|iPhone.Deploy.0 = Release|x86
		{3BC58E0E-334D-4014-BB86-8387931E3C52}.Release|iPhoneSimulator.ActiveCfg = Release|x86
		{3BC58E0E-334D-4014-BB86-8387931E3C52}.Release|iPhoneSimulator.Build.0 = Release|x86
		{3BC58E0E-334D-4014-BB86-8387931E3C52}.Release|iPhoneSimulator.Deploy.0 = Release|x86
		{3BC58E0E-334D-4014-BB86-8387931E3C52}.Release|x64.ActiveCfg = Release|x64
		{3BC58E0E-334D-4014-BB86-8387931E3C52}.Release|x64.Build.0 = Release|x64
		{3BC58E0E-334D-4014-BB86-8387931E3C52}.Release|x64.Deploy.0 = Release|x64
		{3BC58E0E-334D-4014-BB86-8387931E3C52}.Release|x86.ActiveCfg = Release|x86
		{3BC58E0E-334D-4014-BB86-8387931E3C52}.Release|x86.Build.0 = Release|x86
		{3BC58E0E-334D-4014-BB86-8387931E3C52}.Release|x86.Deploy.0 = Release|x86
		{67588471-C89D-4BA7-978C-C39F1BF5670F}.Ad-Hoc|Any CPU.ActiveCfg = Debug|Any CPU
		{67588471-C89D-4BA7-978C-C39F1BF5670F}.Ad-Hoc|Any CPU.Build.0 = Debug|Any CPU
		{67588471-C89D-4BA7-978C-C39F1BF5670F}.Ad-Hoc|Any CPU.Deploy.0 = Debug|Any CPU
		{67588471-C89D-4BA7-978C-C39F1BF5670F}.Ad-Hoc|ARM.ActiveCfg = Debug|Any CPU
		{67588471-C89D-4BA7-978C-C39F1BF5670F}.Ad-Hoc|ARM.Build.0 = Debug|Any CPU
		{67588471-C89D-4BA7-978C-C39F1BF5670F}.Ad-Hoc|ARM.Deploy.0 = Debug|Any CPU
		{67588471-C89D-4BA7-978C-C39F1BF5670F}.Ad-Hoc|iPhone.ActiveCfg = Debug|Any CPU
		{67588471-C89D-4BA7-978C-C39F1BF5670F}.Ad-Hoc|iPhone.Build.0 = Debug|Any CPU
		{67588471-C89D-4BA7-978C-C39F1BF5670F}.Ad-Hoc|iPhone.Deploy.0 = Debug|Any CPU
		{67588471-C89D-4BA7-978C-C39F1BF5670F}.Ad-Hoc|iPhoneSimulator.ActiveCfg = Debug|Any CPU
		{67588471-C89D-4BA7-978C-C39F1BF5670F}.Ad-Hoc|iPhoneSimulator.Build.0 = Debug|Any CPU
		{67588471-C89D-4BA7-978C-C39F1BF5670F}.Ad-Hoc|iPhoneSimulator.Deploy.0 = Debug|Any CPU
		{67588471-C89D-4BA7-978C-C39F1BF5670F}.Ad-Hoc|x64.ActiveCfg = Debug|Any CPU
		{67588471-C89D-4BA7-978C-C39F1BF5670F}.Ad-Hoc|x64.Build.0 = Debug|Any CPU
		{67588471-C89D-4BA7-978C-C39F1BF5670F}.Ad-Hoc|x64.Deploy.0 = Debug|Any CPU
		{67588471-C89D-4BA7-978C-C39F1BF5670F}.Ad-Hoc|x86.ActiveCfg = Debug|Any CPU
		{67588471-C89D-4BA7-978C-C39F1BF5670F}.Ad-Hoc|x86.Build.0 = Debug|Any CPU
		{67588471-C89D-4BA7-978C-C39F1BF5670F}.Ad-Hoc|x86.Deploy.0 = Debug|Any CPU
		{67588471-C89D-4BA7-978C-C39F1BF5670F}.AppStore|Any CPU.ActiveCfg = Debug|Any CPU
		{67588471-C89D-4BA7-978C-C39F1BF5670F}.AppStore|Any CPU.Build.0 = Debug|Any CPU
		{67588471-C89D-4BA7-978C-C39F1BF5670F}.AppStore|Any CPU.Deploy.0 = Debug|Any CPU
		{67588471-C89D-4BA7-978C-C39F1BF5670F}.AppStore|ARM.ActiveCfg = Debug|Any CPU
		{67588471-C89D-4BA7-978C-C39F1BF5670F}.AppStore|ARM.Build.0 = Debug|Any CPU
		{67588471-C89D-4BA7-978C-C39F1BF5670F}.AppStore|ARM.Deploy.0 = Debug|Any CPU
		{67588471-C89D-4BA7-978C-C39F1BF5670F}.AppStore|iPhone.ActiveCfg = Debug|Any CPU
		{67588471-C89D-4BA7-978C-C39F1BF5670F}.AppStore|iPhone.Build.0 = Debug|Any CPU
		{67588471-C89D-4BA7-978C-C39F1BF5670F}.AppStore|iPhone.Deploy.0 = Debug|Any CPU
		{67588471-C89D-4BA7-978C-C39F1BF5670F}.AppStore|iPhoneSimulator.ActiveCfg = Debug|Any CPU
		{67588471-C89D-4BA7-978C-C39F1BF5670F}.AppStore|iPhoneSimulator.Build.0 = Debug|Any CPU
		{67588471-C89D-4BA7-978C-C39F1BF5670F}.AppStore|iPhoneSimulator.Deploy.0 = Debug|Any CPU
		{67588471-C89D-4BA7-978C-C39F1BF5670F}.AppStore|x64.ActiveCfg = Debug|Any CPU
		{67588471-C89D-4BA7-978C-C39F1BF5670F}.AppStore|x64.Build.0 = Debug|Any CPU
		{67588471-C89D-4BA7-978C-C39F1BF5670F}.AppStore|x64.Deploy.0 = Debug|Any CPU
		{67588471-C89D-4BA7-978C-C39F1BF5670F}.AppStore|x86.ActiveCfg = Debug|Any CPU
		{67588471-C89D-4BA7-978C-C39F1BF5670F}.AppStore|x86.Build.0 = Debug|Any CPU
		{67588471-C89D-4BA7-978C-C39F1BF5670F}.AppStore|x86.Deploy.0 = Debug|Any CPU
		{67588471-C89D-4BA7-978C-C39F1BF5670F}.Debug|Any CPU.ActiveCfg = Debug|Any CPU
		{67588471-C89D-4BA7-978C-C39F1BF5670F}.Debug|Any CPU.Build.0 = Debug|Any CPU
		{67588471-C89D-4BA7-978C-C39F1BF5670F}.Debug|Any CPU.Deploy.0 = Debug|Any CPU
		{67588471-C89D-4BA7-978C-C39F1BF5670F}.Debug|ARM.ActiveCfg = Debug|Any CPU
		{67588471-C89D-4BA7-978C-C39F1BF5670F}.Debug|ARM.Build.0 = Debug|Any CPU
		{67588471-C89D-4BA7-978C-C39F1BF5670F}.Debug|ARM.Deploy.0 = Debug|Any CPU
		{67588471-C89D-4BA7-978C-C39F1BF5670F}.Debug|iPhone.ActiveCfg = Debug|Any CPU
		{67588471-C89D-4BA7-978C-C39F1BF5670F}.Debug|iPhone.Build.0 = Debug|Any CPU
		{67588471-C89D-4BA7-978C-C39F1BF5670F}.Debug|iPhone.Deploy.0 = Debug|Any CPU
		{67588471-C89D-4BA7-978C-C39F1BF5670F}.Debug|iPhoneSimulator.ActiveCfg = Debug|Any CPU
		{67588471-C89D-4BA7-978C-C39F1BF5670F}.Debug|iPhoneSimulator.Build.0 = Debug|Any CPU
		{67588471-C89D-4BA7-978C-C39F1BF5670F}.Debug|iPhoneSimulator.Deploy.0 = Debug|Any CPU
		{67588471-C89D-4BA7-978C-C39F1BF5670F}.Debug|x64.ActiveCfg = Debug|Any CPU
		{67588471-C89D-4BA7-978C-C39F1BF5670F}.Debug|x64.Build.0 = Debug|Any CPU
		{67588471-C89D-4BA7-978C-C39F1BF5670F}.Debug|x64.Deploy.0 = Debug|Any CPU
		{67588471-C89D-4BA7-978C-C39F1BF5670F}.Debug|x86.ActiveCfg = Debug|Any CPU
		{67588471-C89D-4BA7-978C-C39F1BF5670F}.Debug|x86.Build.0 = Debug|Any CPU
		{67588471-C89D-4BA7-978C-C39F1BF5670F}.Debug|x86.Deploy.0 = Debug|Any CPU
		{67588471-C89D-4BA7-978C-C39F1BF5670F}.Release|Any CPU.ActiveCfg = Release|Any CPU
		{67588471-C89D-4BA7-978C-C39F1BF5670F}.Release|Any CPU.Build.0 = Release|Any CPU
		{67588471-C89D-4BA7-978C-C39F1BF5670F}.Release|Any CPU.Deploy.0 = Release|Any CPU
		{67588471-C89D-4BA7-978C-C39F1BF5670F}.Release|ARM.ActiveCfg = Release|Any CPU
		{67588471-C89D-4BA7-978C-C39F1BF5670F}.Release|ARM.Build.0 = Release|Any CPU
		{67588471-C89D-4BA7-978C-C39F1BF5670F}.Release|ARM.Deploy.0 = Release|Any CPU
		{67588471-C89D-4BA7-978C-C39F1BF5670F}.Release|iPhone.ActiveCfg = Release|Any CPU
		{67588471-C89D-4BA7-978C-C39F1BF5670F}.Release|iPhone.Build.0 = Release|Any CPU
		{67588471-C89D-4BA7-978C-C39F1BF5670F}.Release|iPhone.Deploy.0 = Release|Any CPU
		{67588471-C89D-4BA7-978C-C39F1BF5670F}.Release|iPhoneSimulator.ActiveCfg = Release|Any CPU
		{67588471-C89D-4BA7-978C-C39F1BF5670F}.Release|iPhoneSimulator.Build.0 = Release|Any CPU
		{67588471-C89D-4BA7-978C-C39F1BF5670F}.Release|iPhoneSimulator.Deploy.0 = Release|Any CPU
		{67588471-C89D-4BA7-978C-C39F1BF5670F}.Release|x64.ActiveCfg = Release|Any CPU
		{67588471-C89D-4BA7-978C-C39F1BF5670F}.Release|x64.Build.0 = Release|Any CPU
		{67588471-C89D-4BA7-978C-C39F1BF5670F}.Release|x64.Deploy.0 = Release|Any CPU
		{67588471-C89D-4BA7-978C-C39F1BF5670F}.Release|x86.ActiveCfg = Release|Any CPU
		{67588471-C89D-4BA7-978C-C39F1BF5670F}.Release|x86.Build.0 = Release|Any CPU
		{67588471-C89D-4BA7-978C-C39F1BF5670F}.Release|x86.Deploy.0 = Release|Any CPU
	EndGlobalSection
	GlobalSection(SolutionProperties) = preSolution
		HideSolutionNode = FALSE
	EndGlobalSection
	GlobalSection(ExtensibilityGlobals) = postSolution
		SolutionGuid = {946C88FF-1543-4374-AB4B-B3F56DA8057D}
	EndGlobalSection
EndGlobal
